
Microsoft Visual Studio Solution File, Format Version 12.00
# Visual Studio 14
VisualStudioVersion = 14.0.25123.0
MinimumVisualStudioVersion = 10.0.40219.1
Project("{FAE04EC0-301F-11D3-BF4B-00C04F79EFBC}") = "RecycleFinland.Droid", "RecycleFinland\RecycleFinland.Droid\RecycleFinland.Droid.csproj", "{991D09FD-6A91-4BF5-B336-0909476B0DBB}"
EndProject
Project("{FAE04EC0-301F-11D3-BF4B-00C04F79EFBC}") = "RecycleFinland.iOS", "RecycleFinland\RecycleFinland.iOS\RecycleFinland.iOS.csproj", "{49FF20B6-37DB-4646-8C13-71BFB32A76CD}"
EndProject
Project("{FAE04EC0-301F-11D3-BF4B-00C04F79EFBC}") = "RecycleFinland.UWP", "RecycleFinland\RecycleFinland.UWP\RecycleFinland.UWP.csproj", "{97961321-1116-48A3-8557-8D2095E1130C}"
EndProject
Project("{FAE04EC0-301F-11D3-BF4B-00C04F79EFBC}") = "RecycleFinland", "RecycleFinland\RecycleFinland\RecycleFinland.csproj", "{2C338AAC-33AA-4B99-B0B0-F355C86CDDCE}"
EndProject
Global
	GlobalSection(SolutionConfigurationPlatforms) = preSolution
		Ad-Hoc|Any CPU = Ad-Hoc|Any CPU
		Ad-Hoc|ARM = Ad-Hoc|ARM
		Ad-Hoc|iPhone = Ad-Hoc|iPhone
		Ad-Hoc|iPhoneSimulator = Ad-Hoc|iPhoneSimulator
		Ad-Hoc|x64 = Ad-Hoc|x64
		Ad-Hoc|x86 = Ad-Hoc|x86
		AppStore|Any CPU = AppStore|Any CPU
		AppStore|ARM = AppStore|ARM
		AppStore|iPhone = AppStore|iPhone
		AppStore|iPhoneSimulator = AppStore|iPhoneSimulator
		AppStore|x64 = AppStore|x64
		AppStore|x86 = AppStore|x86
		Debug|Any CPU = Debug|Any CPU
		Debug|ARM = Debug|ARM
		Debug|iPhone = Debug|iPhone
		Debug|iPhoneSimulator = Debug|iPhoneSimulator
		Debug|x64 = Debug|x64
		Debug|x86 = Debug|x86
		Release|Any CPU = Release|Any CPU
		Release|ARM = Release|ARM
		Release|iPhone = Release|iPhone
		Release|iPhoneSimulator = Release|iPhoneSimulator
		Release|x64 = Release|x64
		Release|x86 = Release|x86
	EndGlobalSection
	GlobalSection(ProjectConfigurationPlatforms) = postSolution
		{991D09FD-6A91-4BF5-B336-0909476B0DBB}.Ad-Hoc|Any CPU.ActiveCfg = Release|Any CPU
		{991D09FD-6A91-4BF5-B336-0909476B0DBB}.Ad-Hoc|Any CPU.Build.0 = Release|Any CPU
		{991D09FD-6A91-4BF5-B336-0909476B0DBB}.Ad-Hoc|Any CPU.Deploy.0 = Release|Any CPU
		{991D09FD-6A91-4BF5-B336-0909476B0DBB}.Ad-Hoc|ARM.ActiveCfg = Release|Any CPU
		{991D09FD-6A91-4BF5-B336-0909476B0DBB}.Ad-Hoc|ARM.Build.0 = Release|Any CPU
		{991D09FD-6A91-4BF5-B336-0909476B0DBB}.Ad-Hoc|ARM.Deploy.0 = Release|Any CPU
		{991D09FD-6A91-4BF5-B336-0909476B0DBB}.Ad-Hoc|iPhone.ActiveCfg = Release|Any CPU
		{991D09FD-6A91-4BF5-B336-0909476B0DBB}.Ad-Hoc|iPhone.Build.0 = Release|Any CPU
		{991D09FD-6A91-4BF5-B336-0909476B0DBB}.Ad-Hoc|iPhone.Deploy.0 = Release|Any CPU
		{991D09FD-6A91-4BF5-B336-0909476B0DBB}.Ad-Hoc|iPhoneSimulator.ActiveCfg = Release|Any CPU
		{991D09FD-6A91-4BF5-B336-0909476B0DBB}.Ad-Hoc|iPhoneSimulator.Build.0 = Release|Any CPU
		{991D09FD-6A91-4BF5-B336-0909476B0DBB}.Ad-Hoc|iPhoneSimulator.Deploy.0 = Release|Any CPU
		{991D09FD-6A91-4BF5-B336-0909476B0DBB}.Ad-Hoc|x64.ActiveCfg = Release|Any CPU
		{991D09FD-6A91-4BF5-B336-0909476B0DBB}.Ad-Hoc|x64.Build.0 = Release|Any CPU
		{991D09FD-6A91-4BF5-B336-0909476B0DBB}.Ad-Hoc|x64.Deploy.0 = Release|Any CPU
		{991D09FD-6A91-4BF5-B336-0909476B0DBB}.Ad-Hoc|x86.ActiveCfg = Release|Any CPU
		{991D09FD-6A91-4BF5-B336-0909476B0DBB}.Ad-Hoc|x86.Build.0 = Release|Any CPU
		{991D09FD-6A91-4BF5-B336-0909476B0DBB}.Ad-Hoc|x86.Deploy.0 = Release|Any CPU
		{991D09FD-6A91-4BF5-B336-0909476B0DBB}.AppStore|Any CPU.ActiveCfg = Release|Any CPU
		{991D09FD-6A91-4BF5-B336-0909476B0DBB}.AppStore|Any CPU.Build.0 = Release|Any CPU
		{991D09FD-6A91-4BF5-B336-0909476B0DBB}.AppStore|Any CPU.Deploy.0 = Release|Any CPU
		{991D09FD-6A91-4BF5-B336-0909476B0DBB}.AppStore|ARM.ActiveCfg = Release|Any CPU
		{991D09FD-6A91-4BF5-B336-0909476B0DBB}.AppStore|ARM.Build.0 = Release|Any CPU
		{991D09FD-6A91-4BF5-B336-0909476B0DBB}.AppStore|ARM.Deploy.0 = Release|Any CPU
		{991D09FD-6A91-4BF5-B336-0909476B0DBB}.AppStore|iPhone.ActiveCfg = Release|Any CPU
		{991D09FD-6A91-4BF5-B336-0909476B0DBB}.AppStore|iPhone.Build.0 = Release|Any CPU
		{991D09FD-6A91-4BF5-B336-0909476B0DBB}.AppStore|iPhone.Deploy.0 = Release|Any CPU
		{991D09FD-6A91-4BF5-B336-0909476B0DBB}.AppStore|iPhoneSimulator.ActiveCfg = Release|Any CPU
		{991D09FD-6A91-4BF5-B336-0909476B0DBB}.AppStore|iPhoneSimulator.Build.0 = Release|Any CPU
		{991D09FD-6A91-4BF5-B336-0909476B0DBB}.AppStore|iPhoneSimulator.Deploy.0 = Release|Any CPU
		{991D09FD-6A91-4BF5-B336-0909476B0DBB}.AppStore|x64.ActiveCfg = Release|Any CPU
		{991D09FD-6A91-4BF5-B336-0909476B0DBB}.AppStore|x64.Build.0 = Release|Any CPU
		{991D09FD-6A91-4BF5-B336-0909476B0DBB}.AppStore|x64.Deploy.0 = Release|Any CPU
		{991D09FD-6A91-4BF5-B336-0909476B0DBB}.AppStore|x86.ActiveCfg = Release|Any CPU
		{991D09FD-6A91-4BF5-B336-0909476B0DBB}.AppStore|x86.Build.0 = Release|Any CPU
		{991D09FD-6A91-4BF5-B336-0909476B0DBB}.AppStore|x86.Deploy.0 = Release|Any CPU
		{991D09FD-6A91-4BF5-B336-0909476B0DBB}.Debug|Any CPU.ActiveCfg = Debug|Any CPU
		{991D09FD-6A91-4BF5-B336-0909476B0DBB}.Debug|Any CPU.Build.0 = Debug|Any CPU
		{991D09FD-6A91-4BF5-B336-0909476B0DBB}.Debug|Any CPU.Deploy.0 = Debug|Any CPU
		{991D09FD-6A91-4BF5-B336-0909476B0DBB}.Debug|ARM.ActiveCfg = Debug|Any CPU
		{991D09FD-6A91-4BF5-B336-0909476B0DBB}.Debug|ARM.Build.0 = Debug|Any CPU
		{991D09FD-6A91-4BF5-B336-0909476B0DBB}.Debug|ARM.Deploy.0 = Debug|Any CPU
		{991D09FD-6A91-4BF5-B336-0909476B0DBB}.Debug|iPhone.ActiveCfg = Debug|Any CPU
		{991D09FD-6A91-4BF5-B336-0909476B0DBB}.Debug|iPhone.Build.0 = Debug|Any CPU
		{991D09FD-6A91-4BF5-B336-0909476B0DBB}.Debug|iPhone.Deploy.0 = Debug|Any CPU
		{991D09FD-6A91-4BF5-B336-0909476B0DBB}.Debug|iPhoneSimulator.ActiveCfg = Debug|Any CPU
		{991D09FD-6A91-4BF5-B336-0909476B0DBB}.Debug|iPhoneSimulator.Build.0 = Debug|Any CPU
		{991D09FD-6A91-4BF5-B336-0909476B0DBB}.Debug|iPhoneSimulator.Deploy.0 = Debug|Any CPU
		{991D09FD-6A91-4BF5-B336-0909476B0DBB}.Debug|x64.ActiveCfg = Debug|Any CPU
		{991D09FD-6A91-4BF5-B336-0909476B0DBB}.Debug|x64.Build.0 = Debug|Any CPU
		{991D09FD-6A91-4BF5-B336-0909476B0DBB}.Debug|x64.Deploy.0 = Debug|Any CPU
		{991D09FD-6A91-4BF5-B336-0909476B0DBB}.Debug|x86.ActiveCfg = Debug|Any CPU
		{991D09FD-6A91-4BF5-B336-0909476B0DBB}.Debug|x86.Build.0 = Debug|Any CPU
		{991D09FD-6A91-4BF5-B336-0909476B0DBB}.Debug|x86.Deploy.0 = Debug|Any CPU
		{991D09FD-6A91-4BF5-B336-0909476B0DBB}.Release|Any CPU.ActiveCfg = Release|Any CPU
		{991D09FD-6A91-4BF5-B336-0909476B0DBB}.Release|Any CPU.Build.0 = Release|Any CPU
		{991D09FD-6A91-4BF5-B336-0909476B0DBB}.Release|Any CPU.Deploy.0 = Release|Any CPU
		{991D09FD-6A91-4BF5-B336-0909476B0DBB}.Release|ARM.ActiveCfg = Release|Any CPU
		{991D09FD-6A91-4BF5-B336-0909476B0DBB}.Release|ARM.Build.0 = Release|Any CPU
		{991D09FD-6A91-4BF5-B336-0909476B0DBB}.Release|ARM.Deploy.0 = Release|Any CPU
		{991D09FD-6A91-4BF5-B336-0909476B0DBB}.Release|iPhone.ActiveCfg = Release|Any CPU
		{991D09FD-6A91-4BF5-B336-0909476B0DBB}.Release|iPhone.Build.0 = Release|Any CPU
		{991D09FD-6A91-4BF5-B336-0909476B0DBB}.Release|iPhone.Deploy.0 = Release|Any CPU
		{991D09FD-6A91-4BF5-B336-0909476B0DBB}.Release|iPhoneSimulator.ActiveCfg = Release|Any CPU
		{991D09FD-6A91-4BF5-B336-0909476B0DBB}.Release|iPhoneSimulator.Build.0 = Release|Any CPU
		{991D09FD-6A91-4BF5-B336-0909476B0DBB}.Release|iPhoneSimulator.Deploy.0 = Release|Any CPU
		{991D09FD-6A91-4BF5-B336-0909476B0DBB}.Release|x64.ActiveCfg = Release|Any CPU
		{991D09FD-6A91-4BF5-B336-0909476B0DBB}.Release|x64.Build.0 = Release|Any CPU
		{991D09FD-6A91-4BF5-B336-0909476B0DBB}.Release|x64.Deploy.0 = Release|Any CPU
		{991D09FD-6A91-4BF5-B336-0909476B0DBB}.Release|x86.ActiveCfg = Release|Any CPU
		{991D09FD-6A91-4BF5-B336-0909476B0DBB}.Release|x86.Build.0 = Release|Any CPU
		{991D09FD-6A91-4BF5-B336-0909476B0DBB}.Release|x86.Deploy.0 = Release|Any CPU
		{49FF20B6-37DB-4646-8C13-71BFB32A76CD}.Ad-Hoc|Any CPU.ActiveCfg = Ad-Hoc|iPhone
		{49FF20B6-37DB-4646-8C13-71BFB32A76CD}.Ad-Hoc|ARM.ActiveCfg = Ad-Hoc|iPhone
		{49FF20B6-37DB-4646-8C13-71BFB32A76CD}.Ad-Hoc|iPhone.ActiveCfg = Ad-Hoc|iPhone
		{49FF20B6-37DB-4646-8C13-71BFB32A76CD}.Ad-Hoc|iPhone.Build.0 = Ad-Hoc|iPhone
		{49FF20B6-37DB-4646-8C13-71BFB32A76CD}.Ad-Hoc|iPhoneSimulator.ActiveCfg = Ad-Hoc|iPhoneSimulator
		{49FF20B6-37DB-4646-8C13-71BFB32A76CD}.Ad-Hoc|iPhoneSimulator.Build.0 = Ad-Hoc|iPhoneSimulator
		{49FF20B6-37DB-4646-8C13-71BFB32A76CD}.Ad-Hoc|x64.ActiveCfg = Ad-Hoc|iPhone
		{49FF20B6-37DB-4646-8C13-71BFB32A76CD}.Ad-Hoc|x86.ActiveCfg = Ad-Hoc|iPhone
		{49FF20B6-37DB-4646-8C13-71BFB32A76CD}.AppStore|Any CPU.ActiveCfg = AppStore|iPhone
		{49FF20B6-37DB-4646-8C13-71BFB32A76CD}.AppStore|ARM.ActiveCfg = AppStore|iPhone
		{49FF20B6-37DB-4646-8C13-71BFB32A76CD}.AppStore|iPhone.ActiveCfg = AppStore|iPhone
		{49FF20B6-37DB-4646-8C13-71BFB32A76CD}.AppStore|iPhone.Build.0 = AppStore|iPhone
		{49FF20B6-37DB-4646-8C13-71BFB32A76CD}.AppStore|iPhoneSimulator.ActiveCfg = AppStore|iPhoneSimulator
		{49FF20B6-37DB-4646-8C13-71BFB32A76CD}.AppStore|iPhoneSimulator.Build.0 = AppStore|iPhoneSimulator
		{49FF20B6-37DB-4646-8C13-71BFB32A76CD}.AppStore|x64.ActiveCfg = AppStore|iPhone
		{49FF20B6-37DB-4646-8C13-71BFB32A76CD}.AppStore|x86.ActiveCfg = AppStore|iPhone
		{49FF20B6-37DB-4646-8C13-71BFB32A76CD}.Debug|Any CPU.ActiveCfg = Debug|iPhone
		{49FF20B6-37DB-4646-8C13-71BFB32A76CD}.Debug|ARM.ActiveCfg = Debug|iPhone
		{49FF20B6-37DB-4646-8C13-71BFB32A76CD}.Debug|iPhone.ActiveCfg = Debug|iPhone
		{49FF20B6-37DB-4646-8C13-71BFB32A76CD}.Debug|iPhone.Build.0 = Debug|iPhone
		{49FF20B6-37DB-4646-8C13-71BFB32A76CD}.Debug|iPhoneSimulator.ActiveCfg = Debug|iPhoneSimulator
		{49FF20B6-37DB-4646-8C13-71BFB32A76CD}.Debug|iPhoneSimulator.Build.0 = Debug|iPhoneSimulator
		{49FF20B6-37DB-4646-8C13-71BFB32A76CD}.Debug|x64.ActiveCfg = Debug|iPhone
		{49FF20B6-37DB-4646-8C13-71BFB32A76CD}.Debug|x86.ActiveCfg = Debug|iPhone
		{49FF20B6-37DB-4646-8C13-71BFB32A76CD}.Release|Any CPU.ActiveCfg = Release|iPhone
		{49FF20B6-37DB-4646-8C13-71BFB32A76CD}.Release|ARM.ActiveCfg = Release|iPhone
		{49FF20B6-37DB-4646-8C13-71BFB32A76CD}.Release|iPhone.ActiveCfg = Release|iPhone
		{49FF20B6-37DB-4646-8C13-71BFB32A76CD}.Release|iPhone.Build.0 = Release|iPhone
		{49FF20B6-37DB-4646-8C13-71BFB32A76CD}.Release|iPhoneSimulator.ActiveCfg = Release|iPhoneSimulator
		{49FF20B6-37DB-4646-8C13-71BFB32A76CD}.Release|iPhoneSimulator.Build.0 = Release|iPhoneSimulator
		{49FF20B6-37DB-4646-8C13-71BFB32A76CD}.Release|x64.ActiveCfg = Release|iPhone
		{49FF20B6-37DB-4646-8C13-71BFB32A76CD}.Release|x86.ActiveCfg = Release|iPhone
		{97961321-1116-48A3-8557-8D2095E1130C}.Ad-Hoc|Any CPU.ActiveCfg = Release|x86
		{97961321-1116-48A3-8557-8D2095E1130C}.Ad-Hoc|Any CPU.Build.0 = Release|x86
		{97961321-1116-48A3-8557-8D2095E1130C}.Ad-Hoc|Any CPU.Deploy.0 = Release|x86
		{97961321-1116-48A3-8557-8D2095E1130C}.Ad-Hoc|ARM.ActiveCfg = Release|ARM
		{97961321-1116-48A3-8557-8D2095E1130C}.Ad-Hoc|ARM.Build.0 = Release|ARM
		{97961321-1116-48A3-8557-8D2095E1130C}.Ad-Hoc|ARM.Deploy.0 = Release|ARM
		{97961321-1116-48A3-8557-8D2095E1130C}.Ad-Hoc|iPhone.ActiveCfg = Release|x86
		{97961321-1116-48A3-8557-8D2095E1130C}.Ad-Hoc|iPhone.Build.0 = Release|x86
		{97961321-1116-48A3-8557-8D2095E1130C}.Ad-Hoc|iPhone.Deploy.0 = Release|x86
		{97961321-1116-48A3-8557-8D2095E1130C}.Ad-Hoc|iPhoneSimulator.ActiveCfg = Release|x86
		{97961321-1116-48A3-8557-8D2095E1130C}.Ad-Hoc|iPhoneSimulator.Build.0 = Release|x86
		{97961321-1116-48A3-8557-8D2095E1130C}.Ad-Hoc|iPhoneSimulator.Deploy.0 = Release|x86
		{97961321-1116-48A3-8557-8D2095E1130C}.Ad-Hoc|x64.ActiveCfg = Release|x64
		{97961321-1116-48A3-8557-8D2095E1130C}.Ad-Hoc|x64.Build.0 = Release|x64
		{97961321-1116-48A3-8557-8D2095E1130C}.Ad-Hoc|x64.Deploy.0 = Release|x64
		{97961321-1116-48A3-8557-8D2095E1130C}.Ad-Hoc|x86.ActiveCfg = Release|x86
		{97961321-1116-48A3-8557-8D2095E1130C}.Ad-Hoc|x86.Build.0 = Release|x86
		{97961321-1116-48A3-8557-8D2095E1130C}.Ad-Hoc|x86.Deploy.0 = Release|x86
		{97961321-1116-48A3-8557-8D2095E1130C}.AppStore|Any CPU.ActiveCfg = Release|x86
		{97961321-1116-48A3-8557-8D2095E1130C}.AppStore|Any CPU.Build.0 = Release|x86
		{97961321-1116-48A3-8557-8D2095E1130C}.AppStore|Any CPU.Deploy.0 = Release|x86
		{97961321-1116-48A3-8557-8D2095E1130C}.AppStore|ARM.ActiveCfg = Release|ARM
		{97961321-1116-48A3-8557-8D2095E1130C}.AppStore|ARM.Build.0 = Release|ARM
		{97961321-1116-48A3-8557-8D2095E1130C}.AppStore|ARM.Deploy.0 = Release|ARM
		{97961321-1116-48A3-8557-8D2095E1130C}.AppStore|iPhone.ActiveCfg = Release|x86
		{97961321-1116-48A3-8557-8D2095E1130C}.AppStore|iPhone.Build.0 = Release|x86
		{97961321-1116-48A3-8557-8D2095E1130C}.AppStore|iPhone.Deploy.0 = Release|x86
		{97961321-1116-48A3-8557-8D2095E1130C}.AppStore|iPhoneSimulator.ActiveCfg = Release|x86
		{97961321-1116-48A3-8557-8D2095E1130C}.AppStore|iPhoneSimulator.Build.0 = Release|x86
		{97961321-1116-48A3-8557-8D2095E1130C}.AppStore|iPhoneSimulator.Deploy.0 = Release|x86
		{97961321-1116-48A3-8557-8D2095E1130C}.AppStore|x64.ActiveCfg = Release|x64
		{97961321-1116-48A3-8557-8D2095E1130C}.AppStore|x64.Build.0 = Release|x64
		{97961321-1116-48A3-8557-8D2095E1130C}.AppStore|x64.Deploy.0 = Release|x64
		{97961321-1116-48A3-8557-8D2095E1130C}.AppStore|x86.ActiveCfg = Release|x86
		{97961321-1116-48A3-8557-8D2095E1130C}.AppStore|x86.Build.0 = Release|x86
		{97961321-1116-48A3-8557-8D2095E1130C}.AppStore|x86.Deploy.0 = Release|x86
		{97961321-1116-48A3-8557-8D2095E1130C}.Debug|Any CPU.ActiveCfg = Debug|x86
		{97961321-1116-48A3-8557-8D2095E1130C}.Debug|ARM.ActiveCfg = Debug|ARM
		{97961321-1116-48A3-8557-8D2095E1130C}.Debug|ARM.Build.0 = Debug|ARM
		{97961321-1116-48A3-8557-8D2095E1130C}.Debug|ARM.Deploy.0 = Debug|ARM
		{97961321-1116-48A3-8557-8D2095E1130C}.Debug|iPhone.ActiveCfg = Debug|x86
		{97961321-1116-48A3-8557-8D2095E1130C}.Debug|iPhoneSimulator.ActiveCfg = Debug|x86
		{97961321-1116-48A3-8557-8D2095E1130C}.Debug|x64.ActiveCfg = Debug|x64
		{97961321-1116-48A3-8557-8D2095E1130C}.Debug|x64.Build.0 = Debug|x64
		{97961321-1116-48A3-8557-8D2095E1130C}.Debug|x64.Deploy.0 = Debug|x64
		{97961321-1116-48A3-8557-8D2095E1130C}.Debug|x86.ActiveCfg = Debug|x86
		{97961321-1116-48A3-8557-8D2095E1130C}.Debug|x86.Build.0 = Debug|x86
		{97961321-1116-48A3-8557-8D2095E1130C}.Debug|x86.Deploy.0 = Debug|x86
		{97961321-1116-48A3-8557-8D2095E1130C}.Release|Any CPU.ActiveCfg = Release|x86
		{97961321-1116-48A3-8557-8D2095E1130C}.Release|ARM.ActiveCfg = Release|ARM
		{97961321-1116-48A3-8557-8D2095E1130C}.Release|ARM.Build.0 = Release|ARM
		{97961321-1116-48A3-8557-8D2095E1130C}.Release|ARM.Deploy.0 = Release|ARM
		{97961321-1116-48A3-8557-8D2095E1130C}.Release|iPhone.ActiveCfg = Release|x86
		{97961321-1116-48A3-8557-8D2095E1130C}.Release|iPhoneSimulator.ActiveCfg = Release|x86
		{97961321-1116-48A3-8557-8D2095E1130C}.Release|x64.ActiveCfg = Release|x64
		{97961321-1116-48A3-8557-8D2095E1130C}.Release|x64.Build.0 = Release|x64
		{97961321-1116-48A3-8557-8D2095E1130C}.Release|x64.Deploy.0 = Release|x64
		{97961321-1116-48A3-8557-8D2095E1130C}.Release|x86.ActiveCfg = Release|x86
		{97961321-1116-48A3-8557-8D2095E1130C}.Release|x86.Build.0 = Release|x86
		{97961321-1116-48A3-8557-8D2095E1130C}.Release|x86.Deploy.0 = Release|x86
		{2C338AAC-33AA-4B99-B0B0-F355C86CDDCE}.Ad-Hoc|Any CPU.ActiveCfg = Release|Any CPU
		{2C338AAC-33AA-4B99-B0B0-F355C86CDDCE}.Ad-Hoc|Any CPU.Build.0 = Release|Any CPU
		{2C338AAC-33AA-4B99-B0B0-F355C86CDDCE}.Ad-Hoc|ARM.ActiveCfg = Release|Any CPU
		{2C338AAC-33AA-4B99-B0B0-F355C86CDDCE}.Ad-Hoc|ARM.Build.0 = Release|Any CPU
		{2C338AAC-33AA-4B99-B0B0-F355C86CDDCE}.Ad-Hoc|iPhone.ActiveCfg = Release|Any CPU
		{2C338AAC-33AA-4B99-B0B0-F355C86CDDCE}.Ad-Hoc|iPhone.Build.0 = Release|Any CPU
		{2C338AAC-33AA-4B99-B0B0-F355C86CDDCE}.Ad-Hoc|iPhoneSimulator.ActiveCfg = Release|Any CPU
		{2C338AAC-33AA-4B99-B0B0-F355C86CDDCE}.Ad-Hoc|iPhoneSimulator.Build.0 = Release|Any CPU
		{2C338AAC-33AA-4B99-B0B0-F355C86CDDCE}.Ad-Hoc|x64.ActiveCfg = Release|Any CPU
		{2C338AAC-33AA-4B99-B0B0-F355C86CDDCE}.Ad-Hoc|x64.Build.0 = Release|Any CPU
		{2C338AAC-33AA-4B99-B0B0-F355C86CDDCE}.Ad-Hoc|x86.ActiveCfg = Release|Any CPU
		{2C338AAC-33AA-4B99-B0B0-F355C86CDDCE}.Ad-Hoc|x86.Build.0 = Release|Any CPU
		{2C338AAC-33AA-4B99-B0B0-F355C86CDDCE}.AppStore|Any CPU.ActiveCfg = Release|Any CPU
		{2C338AAC-33AA-4B99-B0B0-F355C86CDDCE}.AppStore|Any CPU.Build.0 = Release|Any CPU
		{2C338AAC-33AA-4B99-B0B0-F355C86CDDCE}.AppStore|ARM.ActiveCfg = Release|Any CPU
		{2C338AAC-33AA-4B99-B0B0-F355C86CDDCE}.AppStore|ARM.Build.0 = Release|Any CPU
		{2C338AAC-33AA-4B99-B0B0-F355C86CDDCE}.AppStore|iPhone.ActiveCfg = Release|Any CPU
		{2C338AAC-33AA-4B99-B0B0-F355C86CDDCE}.AppStore|iPhone.Build.0 = Release|Any CPU
		{2C338AAC-33AA-4B99-B0B0-F355C86CDDCE}.AppStore|iPhoneSimulator.ActiveCfg = Release|Any CPU
		{2C338AAC-33AA-4B99-B0B0-F355C86CDDCE}.AppStore|iPhoneSimulator.Build.0 = Release|Any CPU
		{2C338AAC-33AA-4B99-B0B0-F355C86CDDCE}.AppStore|x64.ActiveCfg = Release|Any CPU
		{2C338AAC-33AA-4B99-B0B0-F355C86CDDCE}.AppStore|x64.Build.0 = Release|Any CPU
		{2C338AAC-33AA-4B99-B0B0-F355C86CDDCE}.AppStore|x86.ActiveCfg = Release|Any CPU
		{2C338AAC-33AA-4B99-B0B0-F355C86CDDCE}.AppStore|x86.Build.0 = Release|Any CPU
		{2C338AAC-33AA-4B99-B0B0-F355C86CDDCE}.Debug|Any CPU.ActiveCfg = Debug|Any CPU
		{2C338AAC-33AA-4B99-B0B0-F355C86CDDCE}.Debug|Any CPU.Build.0 = Debug|Any CPU
		{2C338AAC-33AA-4B99-B0B0-F355C86CDDCE}.Debug|ARM.ActiveCfg = Debug|Any CPU
		{2C338AAC-33AA-4B99-B0B0-F355C86CDDCE}.Debug|ARM.Build.0 = Debug|Any CPU
		{2C338AAC-33AA-4B99-B0B0-F355C86CDDCE}.Debug|iPhone.ActiveCfg = Debug|Any CPU
		{2C338AAC-33AA-4B99-B0B0-F355C86CDDCE}.Debug|iPhone.Build.0 = Debug|Any CPU
		{2C338AAC-33AA-4B99-B0B0-F355C86CDDCE}.Debug|iPhoneSimulator.ActiveCfg = Debug|Any CPU
		{2C338AAC-33AA-4B99-B0B0-F355C86CDDCE}.Debug|iPhoneSimulator.Build.0 = Debug|Any CPU
		{2C338AAC-33AA-4B99-B0B0-F355C86CDDCE}.Debug|x64.ActiveCfg = Debug|Any CPU
		{2C338AAC-33AA-4B99-B0B0-F355C86CDDCE}.Debug|x64.Build.0 = Debug|Any CPU
		{2C338AAC-33AA-4B99-B0B0-F355C86CDDCE}.Debug|x86.ActiveCfg = Debug|Any CPU
		{2C338AAC-33AA-4B99-B0B0-F355C86CDDCE}.Debug|x86.Build.0 = Debug|Any CPU
		{2C338AAC-33AA-4B99-B0B0-F355C86CDDCE}.Release|Any CPU.ActiveCfg = Release|Any CPU
		{2C338AAC-33AA-4B99-B0B0-F355C86CDDCE}.Release|Any CPU.Build.0 = Release|Any CPU
		{2C338AAC-33AA-4B99-B0B0-F355C86CDDCE}.Release|ARM.ActiveCfg = Release|Any CPU
		{2C338AAC-33AA-4B99-B0B0-F355C86CDDCE}.Release|ARM.Build.0 = Release|Any CPU
		{2C338AAC-33AA-4B99-B0B0-F355C86CDDCE}.Release|iPhone.ActiveCfg = Release|Any CPU
		{2C338AAC-33AA-4B99-B0B0-F355C86CDDCE}.Release|iPhone.Build.0 = Release|Any CPU
		{2C338AAC-33AA-4B99-B0B0-F355C86CDDCE}.Release|iPhoneSimulator.ActiveCfg = Release|Any CPU
		{2C338AAC-33AA-4B99-B0B0-F355C86CDDCE}.Release|iPhoneSimulator.Build.0 = Release|Any CPU
		{2C338AAC-33AA-4B99-B0B0-F355C86CDDCE}.Release|x64.ActiveCfg = Release|Any CPU
		{2C338AAC-33AA-4B99-B0B0-F355C86CDDCE}.Release|x64.Build.0 = Release|Any CPU
		{2C338AAC-33AA-4B99-B0B0-F355C86CDDCE}.Release|x86.ActiveCfg = Release|Any CPU
		{2C338AAC-33AA-4B99-B0B0-F355C86CDDCE}.Release|x86.Build.0 = Release|Any CPU
	EndGlobalSection
	GlobalSection(SolutionProperties) = preSolution
		HideSolutionNode = FALSE
	EndGlobalSection
EndGlobal
